
Microsoft Visual Studio Solution File, Format Version 12.00
# Visual Studio 14
VisualStudioVersion = 14.0.25420.1
MinimumVisualStudioVersion = 10.0.40219.1
Project("{FAE04EC0-301F-11D3-BF4B-00C04F79EFBC}") = "XUniversity.Droid", "XUniversity.Droid\XUniversity.Droid.csproj", "{50FB1838-2617-4BBB-947E-59171E117FB2}"
EndProject
Project("{FAE04EC0-301F-11D3-BF4B-00C04F79EFBC}") = "02GroceryList", "02GroceryList\02GroceryList.csproj", "{B6CFED23-BE8E-4AE3-ACF2-8DE6DB8D37F0}"
EndProject
Project("{FAE04EC0-301F-11D3-BF4B-00C04F79EFBC}") = "03InstructorList", "03InstructorList\03InstructorList.csproj", "{2D72BB67-28A8-4D27-A40B-9EADECEB1666}"
EndProject
Global
	GlobalSection(SolutionConfigurationPlatforms) = preSolution
		Debug|Any CPU = Debug|Any CPU
		Release|Any CPU = Release|Any CPU
	EndGlobalSection
	GlobalSection(ProjectConfigurationPlatforms) = postSolution
		{50FB1838-2617-4BBB-947E-59171E117FB2}.Debug|Any CPU.ActiveCfg = Debug|Any CPU
		{50FB1838-2617-4BBB-947E-59171E117FB2}.Debug|Any CPU.Build.0 = Debug|Any CPU
		{50FB1838-2617-4BBB-947E-59171E117FB2}.Debug|Any CPU.Deploy.0 = Debug|Any CPU
		{50FB1838-2617-4BBB-947E-59171E117FB2}.Release|Any CPU.ActiveCfg = Release|Any CPU
		{50FB1838-2617-4BBB-947E-59171E117FB2}.Release|Any CPU.Build.0 = Release|Any CPU
		{50FB1838-2617-4BBB-947E-59171E117FB2}.Release|Any CPU.Deploy.0 = Release|Any CPU
		{B6CFED23-BE8E-4AE3-ACF2-8DE6DB8D37F0}.Debug|Any CPU.ActiveCfg = Debug|Any CPU
		{B6CFED23-BE8E-4AE3-ACF2-8DE6DB8D37F0}.Debug|Any CPU.Build.0 = Debug|Any CPU
		{B6CFED23-BE8E-4AE3-ACF2-8DE6DB8D37F0}.Debug|Any CPU.Deploy.0 = Debug|Any CPU
		{B6CFED23-BE8E-4AE3-ACF2-8DE6DB8D37F0}.Release|Any CPU.ActiveCfg = Release|Any CPU
		{B6CFED23-BE8E-4AE3-ACF2-8DE6DB8D37F0}.Release|Any CPU.Build.0 = Release|Any CPU
		{B6CFED23-BE8E-4AE3-ACF2-8DE6DB8D37F0}.Release|Any CPU.Deploy.0 = Release|Any CPU
		{2D72BB67-28A8-4D27-A40B-9EADECEB1666}.Debug|Any CPU.ActiveCfg = Debug|Any CPU
		{2D72BB67-28A8-4D27-A40B-9EADECEB1666}.Debug|Any CPU.Build.0 = Debug|Any CPU
		{2D72BB67-28A8-4D27-A40B-9EADECEB1666}.Debug|Any CPU.Deploy.0 = Debug|Any CPU
		{2D72BB67-28A8-4D27-A40B-9EADECEB1666}.Release|Any CPU.ActiveCfg = Release|Any CPU
		{2D72BB67-28A8-4D27-A40B-9EADECEB1666}.Release|Any CPU.Build.0 = Release|Any CPU
		{2D72BB67-28A8-4D27-A40B-9EADECEB1666}.Release|Any CPU.Deploy.0 = Release|Any CPU
	EndGlobalSection
	GlobalSection(SolutionProperties) = preSolution
		HideSolutionNode = FALSE
	EndGlobalSection
EndGlobal
